
Microsoft Visual Studio Solution File, Format Version 12.00
# Visual Studio Version 16
VisualStudioVersion = 16.0.30523.141
MinimumVisualStudioVersion = 10.0.40219.1
Project("{FAE04EC0-301F-11D3-BF4B-00C04F79EFBC}") = "SoEasyPlatform", "SoEasyPlatform\SoEasyPlatform.csproj", "{D4E4101E-81B5-40F8-903D-D6E069250841}"
EndProject
Global
	GlobalSection(SolutionConfigurationPlatforms) = preSolution
		Debug|Any CPU = Debug|Any CPU
		Release|Any CPU = Release|Any CPU
	EndGlobalSection
	GlobalSection(ProjectConfigurationPlatforms) = postSolution
		{D4E4101E-81B5-40F8-903D-D6E069250841}.Debug|Any CPU.ActiveCfg = Debug|Any CPU
		{D4E4101E-81B5-40F8-903D-D6E069250841}.Debug|Any CPU.Build.0 = Debug|Any CPU
		{D4E4101E-81B5-40F8-903D-D6E069250841}.Release|Any CPU.ActiveCfg = Release|Any CPU
		{D4E4101E-81B5-40F8-903D-D6E069250841}.Release|Any CPU.Build.0 = Release|Any CPU
	EndGlobalSection
	GlobalSection(SolutionProperties) = preSolution
		HideSolutionNode = FALSE
	EndGlobalSection
	GlobalSection(ExtensibilityGlobals) = postSolution
		SolutionGuid = {30208AEB-DD73-4AE1-A095-23D24339D109}
	EndGlobalSection
EndGlobal
