
Microsoft Visual Studio Solution File, Format Version 12.00
# Visual Studio Version 17
VisualStudioVersion = 17.1.32414.318
MinimumVisualStudioVersion = 10.0.40219.1
Project("{FAE04EC0-301F-11D3-BF4B-00C04F79EFBC}") = "FurionApi.Application", "FurionApi\FurionApi.Application\FurionApi.Application.csproj", "{A9F8667D-7684-40C0-82F7-AEF6884F2521}"
EndProject
Project("{FAE04EC0-301F-11D3-BF4B-00C04F79EFBC}") = "FurionApi.Core", "FurionApi\FurionApi.Core\FurionApi.Core.csproj", "{B574A410-A4D8-4544-9927-6AD4536674C9}"
EndProject
Project("{FAE04EC0-301F-11D3-BF4B-00C04F79EFBC}") = "FurionApi.Web.Core", "FurionApi\FurionApi.Web.Core\FurionApi.Web.Core.csproj", "{23F60BED-DCA5-4280-9C80-B2A51EA8B652}"
EndProject
Project("{FAE04EC0-301F-11D3-BF4B-00C04F79EFBC}") = "FurionApi.Web.Entry", "FurionApi\FurionApi.Web.Entry\FurionApi.Web.Entry.csproj", "{0B2EEE95-334F-4449-9384-78B7EF8F279F}"
EndProject
Global
	GlobalSection(SolutionConfigurationPlatforms) = preSolution
		Debug|Any CPU = Debug|Any CPU
		Release|Any CPU = Release|Any CPU
	EndGlobalSection
	GlobalSection(ProjectConfigurationPlatforms) = postSolution
		{A9F8667D-7684-40C0-82F7-AEF6884F2521}.Debug|Any CPU.ActiveCfg = Debug|Any CPU
		{A9F8667D-7684-40C0-82F7-AEF6884F2521}.Debug|Any CPU.Build.0 = Debug|Any CPU
		{A9F8667D-7684-40C0-82F7-AEF6884F2521}.Release|Any CPU.ActiveCfg = Release|Any CPU
		{A9F8667D-7684-40C0-82F7-AEF6884F2521}.Release|Any CPU.Build.0 = Release|Any CPU
		{B574A410-A4D8-4544-9927-6AD4536674C9}.Debug|Any CPU.ActiveCfg = Debug|Any CPU
		{B574A410-A4D8-4544-9927-6AD4536674C9}.Debug|Any CPU.Build.0 = Debug|Any CPU
		{B574A410-A4D8-4544-9927-6AD4536674C9}.Release|Any CPU.ActiveCfg = Release|Any CPU
		{B574A410-A4D8-4544-9927-6AD4536674C9}.Release|Any CPU.Build.0 = Release|Any CPU
		{23F60BED-DCA5-4280-9C80-B2A51EA8B652}.Debug|Any CPU.ActiveCfg = Debug|Any CPU
		{23F60BED-DCA5-4280-9C80-B2A51EA8B652}.Debug|Any CPU.Build.0 = Debug|Any CPU
		{23F60BED-DCA5-4280-9C80-B2A51EA8B652}.Release|Any CPU.ActiveCfg = Release|Any CPU
		{23F60BED-DCA5-4280-9C80-B2A51EA8B652}.Release|Any CPU.Build.0 = Release|Any CPU
		{0B2EEE95-334F-4449-9384-78B7EF8F279F}.Debug|Any CPU.ActiveCfg = Debug|Any CPU
		{0B2EEE95-334F-4449-9384-78B7EF8F279F}.Debug|Any CPU.Build.0 = Debug|Any CPU
		{0B2EEE95-334F-4449-9384-78B7EF8F279F}.Release|Any CPU.ActiveCfg = Release|Any CPU
		{0B2EEE95-334F-4449-9384-78B7EF8F279F}.Release|Any CPU.Build.0 = Release|Any CPU
	EndGlobalSection
	GlobalSection(SolutionProperties) = preSolution
		HideSolutionNode = FALSE
	EndGlobalSection
	GlobalSection(ExtensibilityGlobals) = postSolution
		SolutionGuid = {58DA8E4E-C5E8-4C81-9B92-1A042F330C88}
	EndGlobalSection
EndGlobal
